
Microsoft Visual Studio Solution File, Format Version 12.00
# Visual Studio Version 17
VisualStudioVersion = 17.2.32519.379
MinimumVisualStudioVersion = 10.0.40219.1
Project("{FAE04EC0-301F-11D3-BF4B-00C04F79EFBC}") = "Downgradedatabase", "Downgradedatabase\Downgradedatabase.csproj", "{334B3941-92E1-469C-90FD-33A1A8E1B734}"
EndProject
Global
	GlobalSection(SolutionConfigurationPlatforms) = preSolution
		Debug|Any CPU = Debug|Any CPU
		Release|Any CPU = Release|Any CPU
	EndGlobalSection
	GlobalSection(ProjectConfigurationPlatforms) = postSolution
		{334B3941-92E1-469C-90FD-33A1A8E1B734}.Debug|Any CPU.ActiveCfg = Debug|Any CPU
		{334B3941-92E1-469C-90FD-33A1A8E1B734}.Debug|Any CPU.Build.0 = Debug|Any CPU
		{334B3941-92E1-469C-90FD-33A1A8E1B734}.Release|Any CPU.ActiveCfg = Release|Any CPU
		{334B3941-92E1-469C-90FD-33A1A8E1B734}.Release|Any CPU.Build.0 = Release|Any CPU
	EndGlobalSection
	GlobalSection(SolutionProperties) = preSolution
		HideSolutionNode = FALSE
	EndGlobalSection
	GlobalSection(ExtensibilityGlobals) = postSolution
		SolutionGuid = {034F1163-C412-433B-814E-34B61A08A8E7}
	EndGlobalSection
EndGlobal
